// !$*UTF8*$!
{
	archiveVersion = 1;
	classes = {
	};
	objectVersion = 56;
	objects = {

/* Begin PBXBuildFile section */
		AD0D0478291CE50400377276 /* LoginVerificationViewController.swift in Sources */ = {isa = PBXBuildFile; fileRef = AD0D0477291CE50400377276 /* LoginVerificationViewController.swift */; };
		AD0D047C291CE54F00377276 /* LoginVerificationView.swift in Sources */ = {isa = PBXBuildFile; fileRef = AD0D047B291CE54F00377276 /* LoginVerificationView.swift */; };
		AD0D047E291CE55E00377276 /* LoginVerificationViewModel.swift in Sources */ = {isa = PBXBuildFile; fileRef = AD0D047D291CE55E00377276 /* LoginVerificationViewModel.swift */; };
		AD0D0480291D002100377276 /* UINavigationBarAppearance+Extension.swift in Sources */ = {isa = PBXBuildFile; fileRef = AD0D047F291D002100377276 /* UINavigationBarAppearance+Extension.swift */; };
		AD0D0482291D1B6900377276 /* NicknameViewModel.swift in Sources */ = {isa = PBXBuildFile; fileRef = AD0D0481291D1B6900377276 /* NicknameViewModel.swift */; };
		AD0D0484291D1CC200377276 /* BirthViewModel.swift in Sources */ = {isa = PBXBuildFile; fileRef = AD0D0483291D1CC200377276 /* BirthViewModel.swift */; };
		AD0D0486291D1F0D00377276 /* EmailViewModel.swift in Sources */ = {isa = PBXBuildFile; fileRef = AD0D0485291D1F0D00377276 /* EmailViewModel.swift */; };
		AD0D0488291D20C200377276 /* GenderViewModel.swift in Sources */ = {isa = PBXBuildFile; fileRef = AD0D0487291D20C200377276 /* GenderViewModel.swift */; };
		AD103A83291B77840032E9EB /* SignUpLabel.swift in Sources */ = {isa = PBXBuildFile; fileRef = AD103A82291B77840032E9EB /* SignUpLabel.swift */; };
		AD103A86291B79E30032E9EB /* SignupTextField.swift in Sources */ = {isa = PBXBuildFile; fileRef = AD103A85291B79E30032E9EB /* SignupTextField.swift */; };
		AD103A89291B8DD60032E9EB /* .gitignore in Resources */ = {isa = PBXBuildFile; fileRef = AD103A88291B8DD60032E9EB /* .gitignore */; };
		AD103A8B291B8E130032E9EB /* LoginViewModel.swift in Sources */ = {isa = PBXBuildFile; fileRef = AD103A8A291B8E130032E9EB /* LoginViewModel.swift */; };
		AD103A8E291B8FAA0032E9EB /* CommonViewModel+Protocol.swift in Sources */ = {isa = PBXBuildFile; fileRef = AD103A8D291B8FAA0032E9EB /* CommonViewModel+Protocol.swift */; };
		AD103A91291C06C20032E9EB /* String+Extension.swift in Sources */ = {isa = PBXBuildFile; fileRef = AD103A90291C06C20032E9EB /* String+Extension.swift */; };
		AD103A94291C13DA0032E9EB /* UserDefaults+Wrapper.swift in Sources */ = {isa = PBXBuildFile; fileRef = AD103A93291C13DA0032E9EB /* UserDefaults+Wrapper.swift */; };
		AD103A97291C15050032E9EB /* Router+URLRequestConvertible.swift in Sources */ = {isa = PBXBuildFile; fileRef = AD103A96291C15050032E9EB /* Router+URLRequestConvertible.swift */; };
		AD103A99291C194D0032E9EB /* NetworkManager.swift in Sources */ = {isa = PBXBuildFile; fileRef = AD103A98291C194D0032E9EB /* NetworkManager.swift */; };
		AD103A9C291C21290032E9EB /* FirebaseAnalyticsWithoutAdIdSupport in Frameworks */ = {isa = PBXBuildFile; productRef = AD103A9B291C21290032E9EB /* FirebaseAnalyticsWithoutAdIdSupport */; };
		AD103A9E291C21290032E9EB /* FirebaseAuth in Frameworks */ = {isa = PBXBuildFile; productRef = AD103A9D291C21290032E9EB /* FirebaseAuth */; };
		AD103AA0291C21290032E9EB /* FirebaseMessaging in Frameworks */ = {isa = PBXBuildFile; productRef = AD103A9F291C21290032E9EB /* FirebaseMessaging */; };
		AD103AA7291C3F6A0032E9EB /* GoogleService-Info.plist in Resources */ = {isa = PBXBuildFile; fileRef = AD103AA6291C3F6A0032E9EB /* GoogleService-Info.plist */; };
		AD5A6858291AADCC00E84D18 /* NotoSansCJKkr-Medium.otf in Resources */ = {isa = PBXBuildFile; fileRef = AD5A6857291AAD1400E84D18 /* NotoSansCJKkr-Medium.otf */; };
		AD5A6859291AADCC00E84D18 /* NotoSansCJKkr-Regular.otf in Resources */ = {isa = PBXBuildFile; fileRef = AD5A6856291AAD1400E84D18 /* NotoSansCJKkr-Regular.otf */; };
		AD609663291A184300FF78CB /* CustomImageView.swift in Sources */ = {isa = PBXBuildFile; fileRef = AD609662291A184300FF78CB /* CustomImageView.swift */; };
		AD609667291A1A4300FF78CB /* SnapKit in Frameworks */ = {isa = PBXBuildFile; productRef = AD609666291A1A4300FF78CB /* SnapKit */; };
		AD60966A291A1A4F00FF78CB /* Toast in Frameworks */ = {isa = PBXBuildFile; productRef = AD609669291A1A4F00FF78CB /* Toast */; };
		AD60966D291A1A5F00FF78CB /* RxCocoa in Frameworks */ = {isa = PBXBuildFile; productRef = AD60966C291A1A5F00FF78CB /* RxCocoa */; };
		AD60966F291A1A5F00FF78CB /* RxSwift in Frameworks */ = {isa = PBXBuildFile; productRef = AD60966E291A1A5F00FF78CB /* RxSwift */; };
		AD609672291A1A7000FF78CB /* Alamofire in Frameworks */ = {isa = PBXBuildFile; productRef = AD609671291A1A7000FF78CB /* Alamofire */; };
		AD609675291A1A8300FF78CB /* Differentiator in Frameworks */ = {isa = PBXBuildFile; productRef = AD609674291A1A8300FF78CB /* Differentiator */; };
		AD609677291A1A8300FF78CB /* RxDataSources in Frameworks */ = {isa = PBXBuildFile; productRef = AD609676291A1A8300FF78CB /* RxDataSources */; };
		AD60967A291A1AAA00FF78CB /* JGProgressHUD in Frameworks */ = {isa = PBXBuildFile; productRef = AD609679291A1AAA00FF78CB /* JGProgressHUD */; };
		AD60967F291A3FD900FF78CB /* CustomButton.swift in Sources */ = {isa = PBXBuildFile; fileRef = AD60967E291A3FD900FF78CB /* CustomButton.swift */; };
		AD609682291A462200FF78CB /* FirstViewController.swift in Sources */ = {isa = PBXBuildFile; fileRef = AD609681291A462200FF78CB /* FirstViewController.swift */; };
		AD609684291A463500FF78CB /* SecondViewController.swift in Sources */ = {isa = PBXBuildFile; fileRef = AD609683291A463500FF78CB /* SecondViewController.swift */; };
		AD609686291A463D00FF78CB /* ThirdViewController.swift in Sources */ = {isa = PBXBuildFile; fileRef = AD609685291A463D00FF78CB /* ThirdViewController.swift */; };
		AD609688291A471700FF78CB /* OnboardingLabel.swift in Sources */ = {isa = PBXBuildFile; fileRef = AD609687291A471700FF78CB /* OnboardingLabel.swift */; };
		AD60968A291A52BF00FF78CB /* OnboardingPageViewController.swift in Sources */ = {isa = PBXBuildFile; fileRef = AD609689291A52BF00FF78CB /* OnboardingPageViewController.swift */; };
		AD9533B829195D4E002126C0 /* SSImages.swift in Sources */ = {isa = PBXBuildFile; fileRef = AD9533B729195D4E002126C0 /* SSImages.swift */; };
		AD9533BB29196019002126C0 /* OnboardingViewController.swift in Sources */ = {isa = PBXBuildFile; fileRef = AD9533BA29196019002126C0 /* OnboardingViewController.swift */; };
		AD9533BE2919606D002126C0 /* BaseViewController.swift in Sources */ = {isa = PBXBuildFile; fileRef = AD9533BD2919606D002126C0 /* BaseViewController.swift */; };
		AD9533C0291960BA002126C0 /* BaseView.swift in Sources */ = {isa = PBXBuildFile; fileRef = AD9533BF291960BA002126C0 /* BaseView.swift */; };
		AD9533C2291961E1002126C0 /* SplashView.swift in Sources */ = {isa = PBXBuildFile; fileRef = AD9533C1291961E1002126C0 /* SplashView.swift */; };
		AD9533C42919629A002126C0 /* OnboardingView.swift in Sources */ = {isa = PBXBuildFile; fileRef = AD9533C32919629A002126C0 /* OnboardingView.swift */; };
		AD9533C729196460002126C0 /* LoginViewController.swift in Sources */ = {isa = PBXBuildFile; fileRef = AD9533C629196460002126C0 /* LoginViewController.swift */; };
		AD9533C92919646C002126C0 /* LoginView.swift in Sources */ = {isa = PBXBuildFile; fileRef = AD9533C82919646C002126C0 /* LoginView.swift */; };
		AD9533CF2919652F002126C0 /* NicknameViewController.swift in Sources */ = {isa = PBXBuildFile; fileRef = AD9533CE2919652F002126C0 /* NicknameViewController.swift */; };
		AD9533D129196539002126C0 /* NicknameView.swift in Sources */ = {isa = PBXBuildFile; fileRef = AD9533D029196539002126C0 /* NicknameView.swift */; };
		AD9533D5291965BA002126C0 /* BirthViewController.swift in Sources */ = {isa = PBXBuildFile; fileRef = AD9533D4291965BA002126C0 /* BirthViewController.swift */; };
		AD9533D7291965C3002126C0 /* BirthView.swift in Sources */ = {isa = PBXBuildFile; fileRef = AD9533D6291965C3002126C0 /* BirthView.swift */; };
		AD9533D92919660D002126C0 /* EmailViewController.swift in Sources */ = {isa = PBXBuildFile; fileRef = AD9533D82919660D002126C0 /* EmailViewController.swift */; };
		AD9533DB29196616002126C0 /* EmailView.swift in Sources */ = {isa = PBXBuildFile; fileRef = AD9533DA29196616002126C0 /* EmailView.swift */; };
		AD9533DD29196653002126C0 /* GenderViewController.swift in Sources */ = {isa = PBXBuildFile; fileRef = AD9533DC29196653002126C0 /* GenderViewController.swift */; };
		AD9533DF2919665D002126C0 /* GenderView.swift in Sources */ = {isa = PBXBuildFile; fileRef = AD9533DE2919665D002126C0 /* GenderView.swift */; };
		ADD65506291FB85800CA435D /* Date+Extension.swift in Sources */ = {isa = PBXBuildFile; fileRef = ADD65505291FB85800CA435D /* Date+Extension.swift */; };
		ADEF3B79291D5EF3004B4CDE /* TextFieldEvent+Enum.swift in Sources */ = {isa = PBXBuildFile; fileRef = ADEF3B78291D5EF3004B4CDE /* TextFieldEvent+Enum.swift */; };
		ADEF3B7B291D669B004B4CDE /* BirthComponentView.swift in Sources */ = {isa = PBXBuildFile; fileRef = ADEF3B7A291D669B004B4CDE /* BirthComponentView.swift */; };
		ADEF3B7D291D8B1B004B4CDE /* BirthDateTextField.swift in Sources */ = {isa = PBXBuildFile; fileRef = ADEF3B7C291D8B1B004B4CDE /* BirthDateTextField.swift */; };
		ADF9B34F2918CCE400D1F758 /* AppDelegate.swift in Sources */ = {isa = PBXBuildFile; fileRef = ADF9B34E2918CCE400D1F758 /* AppDelegate.swift */; };
		ADF9B3512918CCE400D1F758 /* SceneDelegate.swift in Sources */ = {isa = PBXBuildFile; fileRef = ADF9B3502918CCE400D1F758 /* SceneDelegate.swift */; };
		ADF9B3532918CCE400D1F758 /* SplashViewController.swift in Sources */ = {isa = PBXBuildFile; fileRef = ADF9B3522918CCE400D1F758 /* SplashViewController.swift */; };
		ADF9B3582918CCE500D1F758 /* Assets.xcassets in Resources */ = {isa = PBXBuildFile; fileRef = ADF9B3572918CCE500D1F758 /* Assets.xcassets */; };
		ADF9B35B2918CCE500D1F758 /* LaunchScreen.storyboard in Resources */ = {isa = PBXBuildFile; fileRef = ADF9B3592918CCE500D1F758 /* LaunchScreen.storyboard */; };
		ADF9B3692918D49B00D1F758 /* SSColors.swift in Sources */ = {isa = PBXBuildFile; fileRef = ADF9B3682918D49B00D1F758 /* SSColors.swift */; };
		ADF9B36B2918DBFF00D1F758 /* SSFonts.swift in Sources */ = {isa = PBXBuildFile; fileRef = ADF9B36A2918DBFF00D1F758 /* SSFonts.swift */; };
		ADF9B36E2918FCF800D1F758 /* SSIcons.swift in Sources */ = {isa = PBXBuildFile; fileRef = ADF9B36D2918FCF800D1F758 /* SSIcons.swift */; };
/* End PBXBuildFile section */

/* Begin PBXFileReference section */
		AD0D0477291CE50400377276 /* LoginVerificationViewController.swift */ = {isa = PBXFileReference; lastKnownFileType = sourcecode.swift; path = LoginVerificationViewController.swift; sourceTree = "<group>"; };
		AD0D047B291CE54F00377276 /* LoginVerificationView.swift */ = {isa = PBXFileReference; lastKnownFileType = sourcecode.swift; path = LoginVerificationView.swift; sourceTree = "<group>"; };
		AD0D047D291CE55E00377276 /* LoginVerificationViewModel.swift */ = {isa = PBXFileReference; lastKnownFileType = sourcecode.swift; path = LoginVerificationViewModel.swift; sourceTree = "<group>"; };
		AD0D047F291D002100377276 /* UINavigationBarAppearance+Extension.swift */ = {isa = PBXFileReference; lastKnownFileType = sourcecode.swift; path = "UINavigationBarAppearance+Extension.swift"; sourceTree = "<group>"; };
		AD0D0481291D1B6900377276 /* NicknameViewModel.swift */ = {isa = PBXFileReference; lastKnownFileType = sourcecode.swift; path = NicknameViewModel.swift; sourceTree = "<group>"; };
		AD0D0483291D1CC200377276 /* BirthViewModel.swift */ = {isa = PBXFileReference; lastKnownFileType = sourcecode.swift; path = BirthViewModel.swift; sourceTree = "<group>"; };
		AD0D0485291D1F0D00377276 /* EmailViewModel.swift */ = {isa = PBXFileReference; lastKnownFileType = sourcecode.swift; path = EmailViewModel.swift; sourceTree = "<group>"; };
		AD0D0487291D20C200377276 /* GenderViewModel.swift */ = {isa = PBXFileReference; lastKnownFileType = sourcecode.swift; path = GenderViewModel.swift; sourceTree = "<group>"; };
		AD103A82291B77840032E9EB /* SignUpLabel.swift */ = {isa = PBXFileReference; lastKnownFileType = sourcecode.swift; path = SignUpLabel.swift; sourceTree = "<group>"; };
		AD103A85291B79E30032E9EB /* SignupTextField.swift */ = {isa = PBXFileReference; lastKnownFileType = sourcecode.swift; path = SignupTextField.swift; sourceTree = "<group>"; };
		AD103A88291B8DD60032E9EB /* .gitignore */ = {isa = PBXFileReference; lastKnownFileType = text; path = .gitignore; sourceTree = "<group>"; };
		AD103A8A291B8E130032E9EB /* LoginViewModel.swift */ = {isa = PBXFileReference; lastKnownFileType = sourcecode.swift; path = LoginViewModel.swift; sourceTree = "<group>"; };
		AD103A8D291B8FAA0032E9EB /* CommonViewModel+Protocol.swift */ = {isa = PBXFileReference; lastKnownFileType = sourcecode.swift; path = "CommonViewModel+Protocol.swift"; sourceTree = "<group>"; };
		AD103A90291C06C20032E9EB /* String+Extension.swift */ = {isa = PBXFileReference; lastKnownFileType = sourcecode.swift; path = "String+Extension.swift"; sourceTree = "<group>"; };
		AD103A93291C13DA0032E9EB /* UserDefaults+Wrapper.swift */ = {isa = PBXFileReference; lastKnownFileType = sourcecode.swift; path = "UserDefaults+Wrapper.swift"; sourceTree = "<group>"; };
		AD103A96291C15050032E9EB /* Router+URLRequestConvertible.swift */ = {isa = PBXFileReference; lastKnownFileType = sourcecode.swift; path = "Router+URLRequestConvertible.swift"; sourceTree = "<group>"; };
		AD103A98291C194D0032E9EB /* NetworkManager.swift */ = {isa = PBXFileReference; lastKnownFileType = sourcecode.swift; path = NetworkManager.swift; sourceTree = "<group>"; };
		AD103AA1291C298B0032E9EB /* RecruitsStudyMembers.entitlements */ = {isa = PBXFileReference; lastKnownFileType = text.plist.entitlements; path = RecruitsStudyMembers.entitlements; sourceTree = "<group>"; };
		AD103AA6291C3F6A0032E9EB /* GoogleService-Info.plist */ = {isa = PBXFileReference; fileEncoding = 4; lastKnownFileType = text.plist.xml; path = "GoogleService-Info.plist"; sourceTree = "<group>"; };
		AD5A6856291AAD1400E84D18 /* NotoSansCJKkr-Regular.otf */ = {isa = PBXFileReference; lastKnownFileType = file; path = "NotoSansCJKkr-Regular.otf"; sourceTree = "<group>"; };
		AD5A6857291AAD1400E84D18 /* NotoSansCJKkr-Medium.otf */ = {isa = PBXFileReference; lastKnownFileType = file; path = "NotoSansCJKkr-Medium.otf"; sourceTree = "<group>"; };
		AD609662291A184300FF78CB /* CustomImageView.swift */ = {isa = PBXFileReference; lastKnownFileType = sourcecode.swift; path = CustomImageView.swift; sourceTree = "<group>"; };
		AD60967E291A3FD900FF78CB /* CustomButton.swift */ = {isa = PBXFileReference; lastKnownFileType = sourcecode.swift; path = CustomButton.swift; sourceTree = "<group>"; };
		AD609681291A462200FF78CB /* FirstViewController.swift */ = {isa = PBXFileReference; lastKnownFileType = sourcecode.swift; path = FirstViewController.swift; sourceTree = "<group>"; };
		AD609683291A463500FF78CB /* SecondViewController.swift */ = {isa = PBXFileReference; lastKnownFileType = sourcecode.swift; path = SecondViewController.swift; sourceTree = "<group>"; };
		AD609685291A463D00FF78CB /* ThirdViewController.swift */ = {isa = PBXFileReference; lastKnownFileType = sourcecode.swift; path = ThirdViewController.swift; sourceTree = "<group>"; };
		AD609687291A471700FF78CB /* OnboardingLabel.swift */ = {isa = PBXFileReference; lastKnownFileType = sourcecode.swift; path = OnboardingLabel.swift; sourceTree = "<group>"; };
		AD609689291A52BF00FF78CB /* OnboardingPageViewController.swift */ = {isa = PBXFileReference; lastKnownFileType = sourcecode.swift; path = OnboardingPageViewController.swift; sourceTree = "<group>"; };
		AD9533B729195D4E002126C0 /* SSImages.swift */ = {isa = PBXFileReference; lastKnownFileType = sourcecode.swift; path = SSImages.swift; sourceTree = "<group>"; };
		AD9533BA29196019002126C0 /* OnboardingViewController.swift */ = {isa = PBXFileReference; lastKnownFileType = sourcecode.swift; path = OnboardingViewController.swift; sourceTree = "<group>"; };
		AD9533BD2919606D002126C0 /* BaseViewController.swift */ = {isa = PBXFileReference; lastKnownFileType = sourcecode.swift; path = BaseViewController.swift; sourceTree = "<group>"; };
		AD9533BF291960BA002126C0 /* BaseView.swift */ = {isa = PBXFileReference; lastKnownFileType = sourcecode.swift; path = BaseView.swift; sourceTree = "<group>"; };
		AD9533C1291961E1002126C0 /* SplashView.swift */ = {isa = PBXFileReference; lastKnownFileType = sourcecode.swift; path = SplashView.swift; sourceTree = "<group>"; };
		AD9533C32919629A002126C0 /* OnboardingView.swift */ = {isa = PBXFileReference; lastKnownFileType = sourcecode.swift; path = OnboardingView.swift; sourceTree = "<group>"; };
		AD9533C629196460002126C0 /* LoginViewController.swift */ = {isa = PBXFileReference; lastKnownFileType = sourcecode.swift; path = LoginViewController.swift; sourceTree = "<group>"; };
		AD9533C82919646C002126C0 /* LoginView.swift */ = {isa = PBXFileReference; lastKnownFileType = sourcecode.swift; path = LoginView.swift; sourceTree = "<group>"; };
		AD9533CE2919652F002126C0 /* NicknameViewController.swift */ = {isa = PBXFileReference; lastKnownFileType = sourcecode.swift; path = NicknameViewController.swift; sourceTree = "<group>"; };
		AD9533D029196539002126C0 /* NicknameView.swift */ = {isa = PBXFileReference; lastKnownFileType = sourcecode.swift; path = NicknameView.swift; sourceTree = "<group>"; };
		AD9533D4291965BA002126C0 /* BirthViewController.swift */ = {isa = PBXFileReference; lastKnownFileType = sourcecode.swift; path = BirthViewController.swift; sourceTree = "<group>"; };
		AD9533D6291965C3002126C0 /* BirthView.swift */ = {isa = PBXFileReference; lastKnownFileType = sourcecode.swift; path = BirthView.swift; sourceTree = "<group>"; };
		AD9533D82919660D002126C0 /* EmailViewController.swift */ = {isa = PBXFileReference; lastKnownFileType = sourcecode.swift; path = EmailViewController.swift; sourceTree = "<group>"; };
		AD9533DA29196616002126C0 /* EmailView.swift */ = {isa = PBXFileReference; lastKnownFileType = sourcecode.swift; path = EmailView.swift; sourceTree = "<group>"; };
		AD9533DC29196653002126C0 /* GenderViewController.swift */ = {isa = PBXFileReference; lastKnownFileType = sourcecode.swift; path = GenderViewController.swift; sourceTree = "<group>"; };
		AD9533DE2919665D002126C0 /* GenderView.swift */ = {isa = PBXFileReference; lastKnownFileType = sourcecode.swift; path = GenderView.swift; sourceTree = "<group>"; };
		ADD65505291FB85800CA435D /* Date+Extension.swift */ = {isa = PBXFileReference; lastKnownFileType = sourcecode.swift; path = "Date+Extension.swift"; sourceTree = "<group>"; };
		ADEF3B78291D5EF3004B4CDE /* TextFieldEvent+Enum.swift */ = {isa = PBXFileReference; lastKnownFileType = sourcecode.swift; path = "TextFieldEvent+Enum.swift"; sourceTree = "<group>"; };
		ADEF3B7A291D669B004B4CDE /* BirthComponentView.swift */ = {isa = PBXFileReference; lastKnownFileType = sourcecode.swift; path = BirthComponentView.swift; sourceTree = "<group>"; };
		ADEF3B7C291D8B1B004B4CDE /* BirthDateTextField.swift */ = {isa = PBXFileReference; lastKnownFileType = sourcecode.swift; path = BirthDateTextField.swift; sourceTree = "<group>"; };
		ADF9B34B2918CCE400D1F758 /* RecruitsStudyMembers.app */ = {isa = PBXFileReference; explicitFileType = wrapper.application; includeInIndex = 0; path = RecruitsStudyMembers.app; sourceTree = BUILT_PRODUCTS_DIR; };
		ADF9B34E2918CCE400D1F758 /* AppDelegate.swift */ = {isa = PBXFileReference; lastKnownFileType = sourcecode.swift; path = AppDelegate.swift; sourceTree = "<group>"; };
		ADF9B3502918CCE400D1F758 /* SceneDelegate.swift */ = {isa = PBXFileReference; lastKnownFileType = sourcecode.swift; path = SceneDelegate.swift; sourceTree = "<group>"; };
		ADF9B3522918CCE400D1F758 /* SplashViewController.swift */ = {isa = PBXFileReference; lastKnownFileType = sourcecode.swift; path = SplashViewController.swift; sourceTree = "<group>"; };
		ADF9B3572918CCE500D1F758 /* Assets.xcassets */ = {isa = PBXFileReference; lastKnownFileType = folder.assetcatalog; path = Assets.xcassets; sourceTree = "<group>"; };
		ADF9B35A2918CCE500D1F758 /* Base */ = {isa = PBXFileReference; lastKnownFileType = file.storyboard; name = Base; path = Base.lproj/LaunchScreen.storyboard; sourceTree = "<group>"; };
		ADF9B35C2918CCE500D1F758 /* Info.plist */ = {isa = PBXFileReference; lastKnownFileType = text.plist.xml; path = Info.plist; sourceTree = "<group>"; };
		ADF9B3682918D49B00D1F758 /* SSColors.swift */ = {isa = PBXFileReference; lastKnownFileType = sourcecode.swift; path = SSColors.swift; sourceTree = "<group>"; };
		ADF9B36A2918DBFF00D1F758 /* SSFonts.swift */ = {isa = PBXFileReference; lastKnownFileType = sourcecode.swift; path = SSFonts.swift; sourceTree = "<group>"; };
		ADF9B36D2918FCF800D1F758 /* SSIcons.swift */ = {isa = PBXFileReference; lastKnownFileType = sourcecode.swift; path = SSIcons.swift; sourceTree = "<group>"; };
/* End PBXFileReference section */

/* Begin PBXFrameworksBuildPhase section */
		ADF9B3482918CCE400D1F758 /* Frameworks */ = {
			isa = PBXFrameworksBuildPhase;
			buildActionMask = 2147483647;
			files = (
				AD609672291A1A7000FF78CB /* Alamofire in Frameworks */,
				AD103A9E291C21290032E9EB /* FirebaseAuth in Frameworks */,
				AD60966D291A1A5F00FF78CB /* RxCocoa in Frameworks */,
				AD60966A291A1A4F00FF78CB /* Toast in Frameworks */,
				AD60966F291A1A5F00FF78CB /* RxSwift in Frameworks */,
				AD60967A291A1AAA00FF78CB /* JGProgressHUD in Frameworks */,
				AD609677291A1A8300FF78CB /* RxDataSources in Frameworks */,
				AD609675291A1A8300FF78CB /* Differentiator in Frameworks */,
				AD103A9C291C21290032E9EB /* FirebaseAnalyticsWithoutAdIdSupport in Frameworks */,
				AD103AA0291C21290032E9EB /* FirebaseMessaging in Frameworks */,
				AD609667291A1A4300FF78CB /* SnapKit in Frameworks */,
			);
			runOnlyForDeploymentPostprocessing = 0;
		};
/* End PBXFrameworksBuildPhase section */

/* Begin PBXGroup section */
		AD0D0479291CE50C00377276 /* Verification */ = {
			isa = PBXGroup;
			children = (
				AD0D0477291CE50400377276 /* LoginVerificationViewController.swift */,
				AD0D047B291CE54F00377276 /* LoginVerificationView.swift */,
				AD0D047D291CE55E00377276 /* LoginVerificationViewModel.swift */,
			);
			path = Verification;
			sourceTree = "<group>";
		};
		AD0D047A291CE51C00377276 /* PhoneNumber */ = {
			isa = PBXGroup;
			children = (
				AD9533C629196460002126C0 /* LoginViewController.swift */,
				AD9533C82919646C002126C0 /* LoginView.swift */,
				AD103A8A291B8E130032E9EB /* LoginViewModel.swift */,
			);
			path = PhoneNumber;
			sourceTree = "<group>";
		};
		AD103A84291B77890032E9EB /* Labels */ = {
			isa = PBXGroup;
			children = (
				AD609687291A471700FF78CB /* OnboardingLabel.swift */,
				AD103A82291B77840032E9EB /* SignUpLabel.swift */,
			);
			path = Labels;
			sourceTree = "<group>";
		};
		AD103A8C291B8F970032E9EB /* Protocols */ = {
			isa = PBXGroup;
			children = (
				AD103A8D291B8FAA0032E9EB /* CommonViewModel+Protocol.swift */,
			);
			path = Protocols;
			sourceTree = "<group>";
		};
		AD103A8F291C06AE0032E9EB /* Extensions */ = {
			isa = PBXGroup;
			children = (
				AD103A90291C06C20032E9EB /* String+Extension.swift */,
				AD0D047F291D002100377276 /* UINavigationBarAppearance+Extension.swift */,
				ADD65505291FB85800CA435D /* Date+Extension.swift */,
			);
			path = Extensions;
			sourceTree = "<group>";
		};
		AD103A92291C13B00032E9EB /* PropertyWrapper */ = {
			isa = PBXGroup;
			children = (
				AD103A93291C13DA0032E9EB /* UserDefaults+Wrapper.swift */,
			);
			path = PropertyWrapper;
			sourceTree = "<group>";
		};
		AD103A95291C14CD0032E9EB /* Network */ = {
			isa = PBXGroup;
			children = (
				AD103A96291C15050032E9EB /* Router+URLRequestConvertible.swift */,
				AD103A98291C194D0032E9EB /* NetworkManager.swift */,
			);
			path = Network;
			sourceTree = "<group>";
		};
		AD5A6855291AACF600E84D18 /* Fonts */ = {
			isa = PBXGroup;
			children = (
				AD5A6857291AAD1400E84D18 /* NotoSansCJKkr-Medium.otf */,
				AD5A6856291AAD1400E84D18 /* NotoSansCJKkr-Regular.otf */,
			);
			path = Fonts;
			sourceTree = "<group>";
		};
		AD609664291A184900FF78CB /* CustomComponents */ = {
			isa = PBXGroup;
			children = (
				AD609662291A184300FF78CB /* CustomImageView.swift */,
				ADEF3B7A291D669B004B4CDE /* BirthComponentView.swift */,
				AD60967E291A3FD900FF78CB /* CustomButton.swift */,
				ADEF3B7E291D8B4F004B4CDE /* TextFields */,
				AD103A84291B77890032E9EB /* Labels */,
			);
			path = CustomComponents;
			sourceTree = "<group>";
		};
		AD609680291A45D600FF78CB /* NestedViewController */ = {
			isa = PBXGroup;
			children = (
				AD609689291A52BF00FF78CB /* OnboardingPageViewController.swift */,
				AD609681291A462200FF78CB /* FirstViewController.swift */,
				AD609683291A463500FF78CB /* SecondViewController.swift */,
				AD609685291A463D00FF78CB /* ThirdViewController.swift */,
			);
			path = NestedViewController;
			sourceTree = "<group>";
		};
		AD9533B529195C41002126C0 /* Splash */ = {
			isa = PBXGroup;
			children = (
				ADF9B3522918CCE400D1F758 /* SplashViewController.swift */,
				AD9533C1291961E1002126C0 /* SplashView.swift */,
			);
			path = Splash;
			sourceTree = "<group>";
		};
		AD9533B629195D42002126C0 /* Images */ = {
			isa = PBXGroup;
			children = (
				AD9533B729195D4E002126C0 /* SSImages.swift */,
			);
			path = Images;
			sourceTree = "<group>";
		};
		AD9533B929195FE3002126C0 /* Onboarding */ = {
			isa = PBXGroup;
			children = (
				AD609680291A45D600FF78CB /* NestedViewController */,
				AD9533BA29196019002126C0 /* OnboardingViewController.swift */,
				AD9533C32919629A002126C0 /* OnboardingView.swift */,
			);
			path = Onboarding;
			sourceTree = "<group>";
		};
		AD9533BC2919605B002126C0 /* BaseComponents */ = {
			isa = PBXGroup;
			children = (
				AD9533BD2919606D002126C0 /* BaseViewController.swift */,
				AD9533BF291960BA002126C0 /* BaseView.swift */,
			);
			path = BaseComponents;
			sourceTree = "<group>";
		};
		AD9533C52919642E002126C0 /* Login */ = {
			isa = PBXGroup;
			children = (
				AD0D047A291CE51C00377276 /* PhoneNumber */,
				AD0D0479291CE50C00377276 /* Verification */,
			);
			path = Login;
			sourceTree = "<group>";
		};
		AD9533CA291964D7002126C0 /* Nickname */ = {
			isa = PBXGroup;
			children = (
				AD9533CE2919652F002126C0 /* NicknameViewController.swift */,
				AD9533D029196539002126C0 /* NicknameView.swift */,
				AD0D0481291D1B6900377276 /* NicknameViewModel.swift */,
			);
			path = Nickname;
			sourceTree = "<group>";
		};
		AD9533CB291964EB002126C0 /* Birth */ = {
			isa = PBXGroup;
			children = (
				AD9533D4291965BA002126C0 /* BirthViewController.swift */,
				AD9533D6291965C3002126C0 /* BirthView.swift */,
				AD0D0483291D1CC200377276 /* BirthViewModel.swift */,
			);
			path = Birth;
			sourceTree = "<group>";
		};
		AD9533CC29196508002126C0 /* Email */ = {
			isa = PBXGroup;
			children = (
				AD9533D82919660D002126C0 /* EmailViewController.swift */,
				AD9533DA29196616002126C0 /* EmailView.swift */,
				AD0D0485291D1F0D00377276 /* EmailViewModel.swift */,
			);
			path = Email;
			sourceTree = "<group>";
		};
		AD9533CD2919650C002126C0 /* Gender */ = {
			isa = PBXGroup;
			children = (
				AD9533DC29196653002126C0 /* GenderViewController.swift */,
				AD9533DE2919665D002126C0 /* GenderView.swift */,
				AD0D0487291D20C200377276 /* GenderViewModel.swift */,
			);
			path = Gender;
			sourceTree = "<group>";
		};
		ADEF3B77291D5ED6004B4CDE /* Enum */ = {
			isa = PBXGroup;
			children = (
				ADEF3B78291D5EF3004B4CDE /* TextFieldEvent+Enum.swift */,
			);
			path = Enum;
			sourceTree = "<group>";
		};
		ADEF3B7E291D8B4F004B4CDE /* TextFields */ = {
			isa = PBXGroup;
			children = (
				AD103A85291B79E30032E9EB /* SignupTextField.swift */,
				ADEF3B7C291D8B1B004B4CDE /* BirthDateTextField.swift */,
			);
			path = TextFields;
			sourceTree = "<group>";
		};
		ADF9B3422918CCE400D1F758 = {
			isa = PBXGroup;
			children = (
				AD103A88291B8DD60032E9EB /* .gitignore */,
				AD103AA6291C3F6A0032E9EB /* GoogleService-Info.plist */,
				ADF9B34D2918CCE400D1F758 /* RecruitsStudyMembers */,
				ADF9B34C2918CCE400D1F758 /* Products */,
			);
			sourceTree = "<group>";
		};
		ADF9B34C2918CCE400D1F758 /* Products */ = {
			isa = PBXGroup;
			children = (
				ADF9B34B2918CCE400D1F758 /* RecruitsStudyMembers.app */,
			);
			name = Products;
			sourceTree = "<group>";
		};
		ADF9B34D2918CCE400D1F758 /* RecruitsStudyMembers */ = {
			isa = PBXGroup;
			children = (
				AD103AA1291C298B0032E9EB /* RecruitsStudyMembers.entitlements */,
				ADF9B34E2918CCE400D1F758 /* AppDelegate.swift */,
				ADF9B3502918CCE400D1F758 /* SceneDelegate.swift */,
				ADF9B3622918CD8B00D1F758 /* Resources */,
				ADF9B3662918D0C100D1F758 /* Utilities */,
				ADF9B3632918CE0200D1F758 /* Scene */,
				ADF9B3572918CCE500D1F758 /* Assets.xcassets */,
				ADF9B3592918CCE500D1F758 /* LaunchScreen.storyboard */,
				ADF9B35C2918CCE500D1F758 /* Info.plist */,
			);
			path = RecruitsStudyMembers;
			sourceTree = "<group>";
		};
		ADF9B3622918CD8B00D1F758 /* Resources */ = {
			isa = PBXGroup;
			children = (
				AD5A6855291AACF600E84D18 /* Fonts */,
				AD9533B629195D42002126C0 /* Images */,
				ADF9B36C2918FCE400D1F758 /* Icons */,
				ADF9B3672918D48F00D1F758 /* Colors */,
			);
			path = Resources;
			sourceTree = "<group>";
		};
		ADF9B3632918CE0200D1F758 /* Scene */ = {
			isa = PBXGroup;
			children = (
				AD9533B529195C41002126C0 /* Splash */,
				AD9533B929195FE3002126C0 /* Onboarding */,
				AD9533C52919642E002126C0 /* Login */,
				AD9533CA291964D7002126C0 /* Nickname */,
				AD9533CB291964EB002126C0 /* Birth */,
				AD9533CC29196508002126C0 /* Email */,
				AD9533CD2919650C002126C0 /* Gender */,
			);
			path = Scene;
			sourceTree = "<group>";
		};
		ADF9B3662918D0C100D1F758 /* Utilities */ = {
			isa = PBXGroup;
			children = (
				ADEF3B77291D5ED6004B4CDE /* Enum */,
				AD103A8F291C06AE0032E9EB /* Extensions */,
				AD103A8C291B8F970032E9EB /* Protocols */,
				AD9533BC2919605B002126C0 /* BaseComponents */,
				AD609664291A184900FF78CB /* CustomComponents */,
				AD103A92291C13B00032E9EB /* PropertyWrapper */,
				AD103A95291C14CD0032E9EB /* Network */,
			);
			path = Utilities;
			sourceTree = "<group>";
		};
		ADF9B3672918D48F00D1F758 /* Colors */ = {
			isa = PBXGroup;
			children = (
				ADF9B3682918D49B00D1F758 /* SSColors.swift */,
				ADF9B36A2918DBFF00D1F758 /* SSFonts.swift */,
			);
			path = Colors;
			sourceTree = "<group>";
		};
		ADF9B36C2918FCE400D1F758 /* Icons */ = {
			isa = PBXGroup;
			children = (
				ADF9B36D2918FCF800D1F758 /* SSIcons.swift */,
			);
			path = Icons;
			sourceTree = "<group>";
		};
/* End PBXGroup section */

/* Begin PBXNativeTarget section */
		ADF9B34A2918CCE400D1F758 /* RecruitsStudyMembers */ = {
			isa = PBXNativeTarget;
			buildConfigurationList = ADF9B35F2918CCE500D1F758 /* Build configuration list for PBXNativeTarget "RecruitsStudyMembers" */;
			buildPhases = (
				ADF9B3472918CCE400D1F758 /* Sources */,
				ADF9B3482918CCE400D1F758 /* Frameworks */,
				ADF9B3492918CCE400D1F758 /* Resources */,
			);
			buildRules = (
			);
			dependencies = (
			);
			name = RecruitsStudyMembers;
			packageProductDependencies = (
				AD609666291A1A4300FF78CB /* SnapKit */,
				AD609669291A1A4F00FF78CB /* Toast */,
				AD60966C291A1A5F00FF78CB /* RxCocoa */,
				AD60966E291A1A5F00FF78CB /* RxSwift */,
				AD609671291A1A7000FF78CB /* Alamofire */,
				AD609674291A1A8300FF78CB /* Differentiator */,
				AD609676291A1A8300FF78CB /* RxDataSources */,
				AD609679291A1AAA00FF78CB /* JGProgressHUD */,
				AD103A9B291C21290032E9EB /* FirebaseAnalyticsWithoutAdIdSupport */,
				AD103A9D291C21290032E9EB /* FirebaseAuth */,
				AD103A9F291C21290032E9EB /* FirebaseMessaging */,
			);
			productName = RecruitsStudyMembers;
			productReference = ADF9B34B2918CCE400D1F758 /* RecruitsStudyMembers.app */;
			productType = "com.apple.product-type.application";
		};
/* End PBXNativeTarget section */

/* Begin PBXProject section */
		ADF9B3432918CCE400D1F758 /* Project object */ = {
			isa = PBXProject;
			attributes = {
				BuildIndependentTargetsInParallel = 1;
				LastSwiftUpdateCheck = 1410;
				LastUpgradeCheck = 1410;
				TargetAttributes = {
					ADF9B34A2918CCE400D1F758 = {
						CreatedOnToolsVersion = 14.1;
					};
				};
			};
			buildConfigurationList = ADF9B3462918CCE400D1F758 /* Build configuration list for PBXProject "RecruitsStudyMembers" */;
			compatibilityVersion = "Xcode 14.0";
			developmentRegion = en;
			hasScannedForEncodings = 0;
			knownRegions = (
				en,
				Base,
			);
			mainGroup = ADF9B3422918CCE400D1F758;
			packageReferences = (
				AD609665291A1A4300FF78CB /* XCRemoteSwiftPackageReference "SnapKit" */,
				AD609668291A1A4F00FF78CB /* XCRemoteSwiftPackageReference "Toast-Swift" */,
				AD60966B291A1A5F00FF78CB /* XCRemoteSwiftPackageReference "RxSwift" */,
				AD609670291A1A7000FF78CB /* XCRemoteSwiftPackageReference "Alamofire" */,
				AD609673291A1A8300FF78CB /* XCRemoteSwiftPackageReference "RxDataSources" */,
				AD609678291A1AAA00FF78CB /* XCRemoteSwiftPackageReference "JGProgressHUD" */,
				AD103A9A291C21290032E9EB /* XCRemoteSwiftPackageReference "firebase-ios-sdk" */,
			);
			productRefGroup = ADF9B34C2918CCE400D1F758 /* Products */;
			projectDirPath = "";
			projectRoot = "";
			targets = (
				ADF9B34A2918CCE400D1F758 /* RecruitsStudyMembers */,
			);
		};
/* End PBXProject section */

/* Begin PBXResourcesBuildPhase section */
		ADF9B3492918CCE400D1F758 /* Resources */ = {
			isa = PBXResourcesBuildPhase;
			buildActionMask = 2147483647;
			files = (
				AD103A89291B8DD60032E9EB /* .gitignore in Resources */,
				AD5A6858291AADCC00E84D18 /* NotoSansCJKkr-Medium.otf in Resources */,
				AD5A6859291AADCC00E84D18 /* NotoSansCJKkr-Regular.otf in Resources */,
				ADF9B35B2918CCE500D1F758 /* LaunchScreen.storyboard in Resources */,
				ADF9B3582918CCE500D1F758 /* Assets.xcassets in Resources */,
				AD103AA7291C3F6A0032E9EB /* GoogleService-Info.plist in Resources */,
			);
			runOnlyForDeploymentPostprocessing = 0;
		};
/* End PBXResourcesBuildPhase section */

/* Begin PBXSourcesBuildPhase section */
		ADF9B3472918CCE400D1F758 /* Sources */ = {
			isa = PBXSourcesBuildPhase;
			buildActionMask = 2147483647;
			files = (
				ADF9B36E2918FCF800D1F758 /* SSIcons.swift in Sources */,
				AD9533D5291965BA002126C0 /* BirthViewController.swift in Sources */,
				AD609663291A184300FF78CB /* CustomImageView.swift in Sources */,
				AD9533CF2919652F002126C0 /* NicknameViewController.swift in Sources */,
				AD9533C2291961E1002126C0 /* SplashView.swift in Sources */,
				ADF9B3532918CCE400D1F758 /* SplashViewController.swift in Sources */,
				AD609684291A463500FF78CB /* SecondViewController.swift in Sources */,
				AD103A8E291B8FAA0032E9EB /* CommonViewModel+Protocol.swift in Sources */,
				AD0D0484291D1CC200377276 /* BirthViewModel.swift in Sources */,
				AD103A91291C06C20032E9EB /* String+Extension.swift in Sources */,
				ADF9B3692918D49B00D1F758 /* SSColors.swift in Sources */,
				AD9533DD29196653002126C0 /* GenderViewController.swift in Sources */,
				AD60968A291A52BF00FF78CB /* OnboardingPageViewController.swift in Sources */,
				AD9533BB29196019002126C0 /* OnboardingViewController.swift in Sources */,
				AD9533B829195D4E002126C0 /* SSImages.swift in Sources */,
				AD0D047E291CE55E00377276 /* LoginVerificationViewModel.swift in Sources */,
				AD0D0480291D002100377276 /* UINavigationBarAppearance+Extension.swift in Sources */,
				ADEF3B7B291D669B004B4CDE /* BirthComponentView.swift in Sources */,
				AD609688291A471700FF78CB /* OnboardingLabel.swift in Sources */,
				ADEF3B7D291D8B1B004B4CDE /* BirthDateTextField.swift in Sources */,
				AD9533D7291965C3002126C0 /* BirthView.swift in Sources */,
				AD9533DB29196616002126C0 /* EmailView.swift in Sources */,
				AD103A86291B79E30032E9EB /* SignupTextField.swift in Sources */,
				AD103A97291C15050032E9EB /* Router+URLRequestConvertible.swift in Sources */,
				AD0D047C291CE54F00377276 /* LoginVerificationView.swift in Sources */,
				AD0D0488291D20C200377276 /* GenderViewModel.swift in Sources */,
				AD103A99291C194D0032E9EB /* NetworkManager.swift in Sources */,
				ADEF3B79291D5EF3004B4CDE /* TextFieldEvent+Enum.swift in Sources */,
				AD9533BE2919606D002126C0 /* BaseViewController.swift in Sources */,
				AD0D0478291CE50400377276 /* LoginVerificationViewController.swift in Sources */,
				AD9533DF2919665D002126C0 /* GenderView.swift in Sources */,
				ADF9B36B2918DBFF00D1F758 /* SSFonts.swift in Sources */,
				ADD65506291FB85800CA435D /* Date+Extension.swift in Sources */,
				AD9533C92919646C002126C0 /* LoginView.swift in Sources */,
				AD103A8B291B8E130032E9EB /* LoginViewModel.swift in Sources */,
				AD9533C0291960BA002126C0 /* BaseView.swift in Sources */,
				AD0D0486291D1F0D00377276 /* EmailViewModel.swift in Sources */,
				AD9533D92919660D002126C0 /* EmailViewController.swift in Sources */,
				AD609686291A463D00FF78CB /* ThirdViewController.swift in Sources */,
				AD9533C42919629A002126C0 /* OnboardingView.swift in Sources */,
				AD103A94291C13DA0032E9EB /* UserDefaults+Wrapper.swift in Sources */,
				ADF9B34F2918CCE400D1F758 /* AppDelegate.swift in Sources */,
				AD609682291A462200FF78CB /* FirstViewController.swift in Sources */,
				AD60967F291A3FD900FF78CB /* CustomButton.swift in Sources */,
				AD9533C729196460002126C0 /* LoginViewController.swift in Sources */,
				AD0D0482291D1B6900377276 /* NicknameViewModel.swift in Sources */,
				AD103A83291B77840032E9EB /* SignUpLabel.swift in Sources */,
				AD9533D129196539002126C0 /* NicknameView.swift in Sources */,
				ADF9B3512918CCE400D1F758 /* SceneDelegate.swift in Sources */,
			);
			runOnlyForDeploymentPostprocessing = 0;
		};
/* End PBXSourcesBuildPhase section */

/* Begin PBXVariantGroup section */
		ADF9B3592918CCE500D1F758 /* LaunchScreen.storyboard */ = {
			isa = PBXVariantGroup;
			children = (
				ADF9B35A2918CCE500D1F758 /* Base */,
			);
			name = LaunchScreen.storyboard;
			sourceTree = "<group>";
		};
/* End PBXVariantGroup section */

/* Begin XCBuildConfiguration section */
		ADF9B35D2918CCE500D1F758 /* Debug */ = {
			isa = XCBuildConfiguration;
			buildSettings = {
				ALWAYS_SEARCH_USER_PATHS = NO;
				CLANG_ANALYZER_NONNULL = YES;
				CLANG_ANALYZER_NUMBER_OBJECT_CONVERSION = YES_AGGRESSIVE;
				CLANG_CXX_LANGUAGE_STANDARD = "gnu++20";
				CLANG_ENABLE_MODULES = YES;
				CLANG_ENABLE_OBJC_ARC = YES;
				CLANG_ENABLE_OBJC_WEAK = YES;
				CLANG_WARN_BLOCK_CAPTURE_AUTORELEASING = YES;
				CLANG_WARN_BOOL_CONVERSION = YES;
				CLANG_WARN_COMMA = YES;
				CLANG_WARN_CONSTANT_CONVERSION = YES;
				CLANG_WARN_DEPRECATED_OBJC_IMPLEMENTATIONS = YES;
				CLANG_WARN_DIRECT_OBJC_ISA_USAGE = YES_ERROR;
				CLANG_WARN_DOCUMENTATION_COMMENTS = YES;
				CLANG_WARN_EMPTY_BODY = YES;
				CLANG_WARN_ENUM_CONVERSION = YES;
				CLANG_WARN_INFINITE_RECURSION = YES;
				CLANG_WARN_INT_CONVERSION = YES;
				CLANG_WARN_NON_LITERAL_NULL_CONVERSION = YES;
				CLANG_WARN_OBJC_IMPLICIT_RETAIN_SELF = YES;
				CLANG_WARN_OBJC_LITERAL_CONVERSION = YES;
				CLANG_WARN_OBJC_ROOT_CLASS = YES_ERROR;
				CLANG_WARN_QUOTED_INCLUDE_IN_FRAMEWORK_HEADER = YES;
				CLANG_WARN_RANGE_LOOP_ANALYSIS = YES;
				CLANG_WARN_STRICT_PROTOTYPES = YES;
				CLANG_WARN_SUSPICIOUS_MOVE = YES;
				CLANG_WARN_UNGUARDED_AVAILABILITY = YES_AGGRESSIVE;
				CLANG_WARN_UNREACHABLE_CODE = YES;
				CLANG_WARN__DUPLICATE_METHOD_MATCH = YES;
				COPY_PHASE_STRIP = NO;
				DEBUG_INFORMATION_FORMAT = dwarf;
				ENABLE_STRICT_OBJC_MSGSEND = YES;
				ENABLE_TESTABILITY = YES;
				GCC_C_LANGUAGE_STANDARD = gnu11;
				GCC_DYNAMIC_NO_PIC = NO;
				GCC_NO_COMMON_BLOCKS = YES;
				GCC_OPTIMIZATION_LEVEL = 0;
				GCC_PREPROCESSOR_DEFINITIONS = (
					"DEBUG=1",
					"$(inherited)",
				);
				GCC_WARN_64_TO_32_BIT_CONVERSION = YES;
				GCC_WARN_ABOUT_RETURN_TYPE = YES_ERROR;
				GCC_WARN_UNDECLARED_SELECTOR = YES;
				GCC_WARN_UNINITIALIZED_AUTOS = YES_AGGRESSIVE;
				GCC_WARN_UNUSED_FUNCTION = YES;
				GCC_WARN_UNUSED_VARIABLE = YES;
				IPHONEOS_DEPLOYMENT_TARGET = 15.0;
				MTL_ENABLE_DEBUG_INFO = INCLUDE_SOURCE;
				MTL_FAST_MATH = YES;
				ONLY_ACTIVE_ARCH = YES;
				SDKROOT = iphoneos;
				SWIFT_ACTIVE_COMPILATION_CONDITIONS = DEBUG;
				SWIFT_OPTIMIZATION_LEVEL = "-Onone";
			};
			name = Debug;
		};
		ADF9B35E2918CCE500D1F758 /* Release */ = {
			isa = XCBuildConfiguration;
			buildSettings = {
				ALWAYS_SEARCH_USER_PATHS = NO;
				CLANG_ANALYZER_NONNULL = YES;
				CLANG_ANALYZER_NUMBER_OBJECT_CONVERSION = YES_AGGRESSIVE;
				CLANG_CXX_LANGUAGE_STANDARD = "gnu++20";
				CLANG_ENABLE_MODULES = YES;
				CLANG_ENABLE_OBJC_ARC = YES;
				CLANG_ENABLE_OBJC_WEAK = YES;
				CLANG_WARN_BLOCK_CAPTURE_AUTORELEASING = YES;
				CLANG_WARN_BOOL_CONVERSION = YES;
				CLANG_WARN_COMMA = YES;
				CLANG_WARN_CONSTANT_CONVERSION = YES;
				CLANG_WARN_DEPRECATED_OBJC_IMPLEMENTATIONS = YES;
				CLANG_WARN_DIRECT_OBJC_ISA_USAGE = YES_ERROR;
				CLANG_WARN_DOCUMENTATION_COMMENTS = YES;
				CLANG_WARN_EMPTY_BODY = YES;
				CLANG_WARN_ENUM_CONVERSION = YES;
				CLANG_WARN_INFINITE_RECURSION = YES;
				CLANG_WARN_INT_CONVERSION = YES;
				CLANG_WARN_NON_LITERAL_NULL_CONVERSION = YES;
				CLANG_WARN_OBJC_IMPLICIT_RETAIN_SELF = YES;
				CLANG_WARN_OBJC_LITERAL_CONVERSION = YES;
				CLANG_WARN_OBJC_ROOT_CLASS = YES_ERROR;
				CLANG_WARN_QUOTED_INCLUDE_IN_FRAMEWORK_HEADER = YES;
				CLANG_WARN_RANGE_LOOP_ANALYSIS = YES;
				CLANG_WARN_STRICT_PROTOTYPES = YES;
				CLANG_WARN_SUSPICIOUS_MOVE = YES;
				CLANG_WARN_UNGUARDED_AVAILABILITY = YES_AGGRESSIVE;
				CLANG_WARN_UNREACHABLE_CODE = YES;
				CLANG_WARN__DUPLICATE_METHOD_MATCH = YES;
				COPY_PHASE_STRIP = NO;
				DEBUG_INFORMATION_FORMAT = "dwarf-with-dsym";
				ENABLE_NS_ASSERTIONS = NO;
				ENABLE_STRICT_OBJC_MSGSEND = YES;
				GCC_C_LANGUAGE_STANDARD = gnu11;
				GCC_NO_COMMON_BLOCKS = YES;
				GCC_WARN_64_TO_32_BIT_CONVERSION = YES;
				GCC_WARN_ABOUT_RETURN_TYPE = YES_ERROR;
				GCC_WARN_UNDECLARED_SELECTOR = YES;
				GCC_WARN_UNINITIALIZED_AUTOS = YES_AGGRESSIVE;
				GCC_WARN_UNUSED_FUNCTION = YES;
				GCC_WARN_UNUSED_VARIABLE = YES;
				IPHONEOS_DEPLOYMENT_TARGET = 15.0;
				MTL_ENABLE_DEBUG_INFO = NO;
				MTL_FAST_MATH = YES;
				SDKROOT = iphoneos;
				SWIFT_COMPILATION_MODE = wholemodule;
				SWIFT_OPTIMIZATION_LEVEL = "-O";
				VALIDATE_PRODUCT = YES;
			};
			name = Release;
		};
		ADF9B3602918CCE500D1F758 /* Debug */ = {
			isa = XCBuildConfiguration;
			buildSettings = {
				ASSETCATALOG_COMPILER_APPICON_NAME = AppIcon;
				ASSETCATALOG_COMPILER_GLOBAL_ACCENT_COLOR_NAME = AccentColor;
				CODE_SIGN_ENTITLEMENTS = RecruitsStudyMembers/RecruitsStudyMembers.entitlements;
				CODE_SIGN_STYLE = Automatic;
				CURRENT_PROJECT_VERSION = 1;
				DEVELOPMENT_TEAM = DLA597KS3F;
				GENERATE_INFOPLIST_FILE = YES;
				INFOPLIST_FILE = RecruitsStudyMembers/Info.plist;
				INFOPLIST_KEY_UIApplicationSupportsIndirectInputEvents = YES;
				INFOPLIST_KEY_UILaunchStoryboardName = LaunchScreen;
				INFOPLIST_KEY_UIMainStoryboardFile = "";
				INFOPLIST_KEY_UISupportedInterfaceOrientations = UIInterfaceOrientationPortrait;
				INFOPLIST_KEY_UISupportedInterfaceOrientations_iPad = "UIInterfaceOrientationLandscapeLeft UIInterfaceOrientationLandscapeRight UIInterfaceOrientationPortrait UIInterfaceOrientationPortraitUpsideDown";
				INFOPLIST_KEY_UIUserInterfaceStyle = Light;
				IPHONEOS_DEPLOYMENT_TARGET = 15.0;
				LD_RUNPATH_SEARCH_PATHS = (
					"$(inherited)",
					"@executable_path/Frameworks",
				);
				MARKETING_VERSION = 1.0;
				PRODUCT_BUNDLE_IDENTIFIER = com.jhee.RecruitsStudyMembers;
				PRODUCT_NAME = "$(TARGET_NAME)";
				SUPPORTED_PLATFORMS = "iphoneos iphonesimulator";
				SUPPORTS_MACCATALYST = NO;
				SUPPORTS_MAC_DESIGNED_FOR_IPHONE_IPAD = NO;
				SWIFT_EMIT_LOC_STRINGS = YES;
				SWIFT_VERSION = 5.0;
				TARGETED_DEVICE_FAMILY = 1;
			};
			name = Debug;
		};
		ADF9B3612918CCE500D1F758 /* Release */ = {
			isa = XCBuildConfiguration;
			buildSettings = {
				ASSETCATALOG_COMPILER_APPICON_NAME = AppIcon;
				ASSETCATALOG_COMPILER_GLOBAL_ACCENT_COLOR_NAME = AccentColor;
				CODE_SIGN_ENTITLEMENTS = RecruitsStudyMembers/RecruitsStudyMembers.entitlements;
				CODE_SIGN_STYLE = Automatic;
				CURRENT_PROJECT_VERSION = 1;
				DEVELOPMENT_TEAM = DLA597KS3F;
				GENERATE_INFOPLIST_FILE = YES;
				INFOPLIST_FILE = RecruitsStudyMembers/Info.plist;
				INFOPLIST_KEY_UIApplicationSupportsIndirectInputEvents = YES;
				INFOPLIST_KEY_UILaunchStoryboardName = LaunchScreen;
				INFOPLIST_KEY_UIMainStoryboardFile = "";
				INFOPLIST_KEY_UISupportedInterfaceOrientations = UIInterfaceOrientationPortrait;
				INFOPLIST_KEY_UISupportedInterfaceOrientations_iPad = "UIInterfaceOrientationLandscapeLeft UIInterfaceOrientationLandscapeRight UIInterfaceOrientationPortrait UIInterfaceOrientationPortraitUpsideDown";
				INFOPLIST_KEY_UIUserInterfaceStyle = Light;
				IPHONEOS_DEPLOYMENT_TARGET = 15.0;
				LD_RUNPATH_SEARCH_PATHS = (
					"$(inherited)",
					"@executable_path/Frameworks",
				);
				MARKETING_VERSION = 1.0;
				PRODUCT_BUNDLE_IDENTIFIER = com.jhee.RecruitsStudyMembers;
				PRODUCT_NAME = "$(TARGET_NAME)";
				SUPPORTED_PLATFORMS = "iphoneos iphonesimulator";
				SUPPORTS_MACCATALYST = NO;
				SUPPORTS_MAC_DESIGNED_FOR_IPHONE_IPAD = NO;
				SWIFT_EMIT_LOC_STRINGS = YES;
				SWIFT_VERSION = 5.0;
				TARGETED_DEVICE_FAMILY = 1;
			};
			name = Release;
		};
/* End XCBuildConfiguration section */

/* Begin XCConfigurationList section */
		ADF9B3462918CCE400D1F758 /* Build configuration list for PBXProject "RecruitsStudyMembers" */ = {
			isa = XCConfigurationList;
			buildConfigurations = (
				ADF9B35D2918CCE500D1F758 /* Debug */,
				ADF9B35E2918CCE500D1F758 /* Release */,
			);
			defaultConfigurationIsVisible = 0;
			defaultConfigurationName = Release;
		};
		ADF9B35F2918CCE500D1F758 /* Build configuration list for PBXNativeTarget "RecruitsStudyMembers" */ = {
			isa = XCConfigurationList;
			buildConfigurations = (
				ADF9B3602918CCE500D1F758 /* Debug */,
				ADF9B3612918CCE500D1F758 /* Release */,
			);
			defaultConfigurationIsVisible = 0;
			defaultConfigurationName = Release;
		};
/* End XCConfigurationList section */

/* Begin XCRemoteSwiftPackageReference section */
		AD103A9A291C21290032E9EB /* XCRemoteSwiftPackageReference "firebase-ios-sdk" */ = {
			isa = XCRemoteSwiftPackageReference;
			repositoryURL = "https://github.com/firebase/firebase-ios-sdk";
			requirement = {
				kind = upToNextMajorVersion;
				minimumVersion = 9.0.0;
			};
		};
		AD609665291A1A4300FF78CB /* XCRemoteSwiftPackageReference "SnapKit" */ = {
			isa = XCRemoteSwiftPackageReference;
			repositoryURL = "https://github.com/SnapKit/SnapKit.git";
			requirement = {
				kind = upToNextMajorVersion;
				minimumVersion = 5.0.0;
			};
		};
		AD609668291A1A4F00FF78CB /* XCRemoteSwiftPackageReference "Toast-Swift" */ = {
			isa = XCRemoteSwiftPackageReference;
			repositoryURL = "https://github.com/scalessec/Toast-Swift.git";
			requirement = {
				kind = upToNextMajorVersion;
				minimumVersion = 5.0.0;
			};
		};
		AD60966B291A1A5F00FF78CB /* XCRemoteSwiftPackageReference "RxSwift" */ = {
			isa = XCRemoteSwiftPackageReference;
			repositoryURL = "https://github.com/ReactiveX/RxSwift.git";
			requirement = {
				kind = upToNextMajorVersion;
				minimumVersion = 6.0.0;
			};
		};
		AD609670291A1A7000FF78CB /* XCRemoteSwiftPackageReference "Alamofire" */ = {
			isa = XCRemoteSwiftPackageReference;
			repositoryURL = "https://github.com/Alamofire/Alamofire.git";
			requirement = {
				kind = upToNextMajorVersion;
				minimumVersion = 5.0.0;
			};
		};
		AD609673291A1A8300FF78CB /* XCRemoteSwiftPackageReference "RxDataSources" */ = {
			isa = XCRemoteSwiftPackageReference;
			repositoryURL = "https://github.com/RxSwiftCommunity/RxDataSources.git";
			requirement = {
				kind = upToNextMajorVersion;
				minimumVersion = 5.0.0;
			};
		};
		AD609678291A1AAA00FF78CB /* XCRemoteSwiftPackageReference "JGProgressHUD" */ = {
			isa = XCRemoteSwiftPackageReference;
			repositoryURL = "https://github.com/JonasGessner/JGProgressHUD.git";
			requirement = {
				kind = upToNextMajorVersion;
				minimumVersion = 2.0.0;
			};
		};
/* End XCRemoteSwiftPackageReference section */

/* Begin XCSwiftPackageProductDependency section */
		AD103A9B291C21290032E9EB /* FirebaseAnalyticsWithoutAdIdSupport */ = {
			isa = XCSwiftPackageProductDependency;
			package = AD103A9A291C21290032E9EB /* XCRemoteSwiftPackageReference "firebase-ios-sdk" */;
			productName = FirebaseAnalyticsWithoutAdIdSupport;
		};
		AD103A9D291C21290032E9EB /* FirebaseAuth */ = {
			isa = XCSwiftPackageProductDependency;
			package = AD103A9A291C21290032E9EB /* XCRemoteSwiftPackageReference "firebase-ios-sdk" */;
			productName = FirebaseAuth;
		};
		AD103A9F291C21290032E9EB /* FirebaseMessaging */ = {
			isa = XCSwiftPackageProductDependency;
			package = AD103A9A291C21290032E9EB /* XCRemoteSwiftPackageReference "firebase-ios-sdk" */;
			productName = FirebaseMessaging;
		};
		AD609666291A1A4300FF78CB /* SnapKit */ = {
			isa = XCSwiftPackageProductDependency;
			package = AD609665291A1A4300FF78CB /* XCRemoteSwiftPackageReference "SnapKit" */;
			productName = SnapKit;
		};
		AD609669291A1A4F00FF78CB /* Toast */ = {
			isa = XCSwiftPackageProductDependency;
			package = AD609668291A1A4F00FF78CB /* XCRemoteSwiftPackageReference "Toast-Swift" */;
			productName = Toast;
		};
		AD60966C291A1A5F00FF78CB /* RxCocoa */ = {
			isa = XCSwiftPackageProductDependency;
			package = AD60966B291A1A5F00FF78CB /* XCRemoteSwiftPackageReference "RxSwift" */;
			productName = RxCocoa;
		};
		AD60966E291A1A5F00FF78CB /* RxSwift */ = {
			isa = XCSwiftPackageProductDependency;
			package = AD60966B291A1A5F00FF78CB /* XCRemoteSwiftPackageReference "RxSwift" */;
			productName = RxSwift;
		};
		AD609671291A1A7000FF78CB /* Alamofire */ = {
			isa = XCSwiftPackageProductDependency;
			package = AD609670291A1A7000FF78CB /* XCRemoteSwiftPackageReference "Alamofire" */;
			productName = Alamofire;
		};
		AD609674291A1A8300FF78CB /* Differentiator */ = {
			isa = XCSwiftPackageProductDependency;
			package = AD609673291A1A8300FF78CB /* XCRemoteSwiftPackageReference "RxDataSources" */;
			productName = Differentiator;
		};
		AD609676291A1A8300FF78CB /* RxDataSources */ = {
			isa = XCSwiftPackageProductDependency;
			package = AD609673291A1A8300FF78CB /* XCRemoteSwiftPackageReference "RxDataSources" */;
			productName = RxDataSources;
		};
		AD609679291A1AAA00FF78CB /* JGProgressHUD */ = {
			isa = XCSwiftPackageProductDependency;
			package = AD609678291A1AAA00FF78CB /* XCRemoteSwiftPackageReference "JGProgressHUD" */;
			productName = JGProgressHUD;
		};
/* End XCSwiftPackageProductDependency section */
	};
	rootObject = ADF9B3432918CCE400D1F758 /* Project object */;
}
