// !$*UTF8*$!
{
	archiveVersion = 1;
	classes = {
	};
	objectVersion = 56;
	objects = {

/* Begin PBXBuildFile section */
		AD9533B829195D4E002126C0 /* SSImages.swift in Sources */ = {isa = PBXBuildFile; fileRef = AD9533B729195D4E002126C0 /* SSImages.swift */; };
		AD9533BB29196019002126C0 /* OnboardingViewController.swift in Sources */ = {isa = PBXBuildFile; fileRef = AD9533BA29196019002126C0 /* OnboardingViewController.swift */; };
		AD9533BE2919606D002126C0 /* BaseViewController.swift in Sources */ = {isa = PBXBuildFile; fileRef = AD9533BD2919606D002126C0 /* BaseViewController.swift */; };
		AD9533C0291960BA002126C0 /* BaseView.swift in Sources */ = {isa = PBXBuildFile; fileRef = AD9533BF291960BA002126C0 /* BaseView.swift */; };
		AD9533C2291961E1002126C0 /* SplashView.swift in Sources */ = {isa = PBXBuildFile; fileRef = AD9533C1291961E1002126C0 /* SplashView.swift */; };
		AD9533C42919629A002126C0 /* OnboardingView.swift in Sources */ = {isa = PBXBuildFile; fileRef = AD9533C32919629A002126C0 /* OnboardingView.swift */; };
		AD9533C729196460002126C0 /* LoginViewController.swift in Sources */ = {isa = PBXBuildFile; fileRef = AD9533C629196460002126C0 /* LoginViewController.swift */; };
		AD9533C92919646C002126C0 /* LoginView.swift in Sources */ = {isa = PBXBuildFile; fileRef = AD9533C82919646C002126C0 /* LoginView.swift */; };
		AD9533CF2919652F002126C0 /* NicknameViewController.swift in Sources */ = {isa = PBXBuildFile; fileRef = AD9533CE2919652F002126C0 /* NicknameViewController.swift */; };
		AD9533D129196539002126C0 /* NicknameView.swift in Sources */ = {isa = PBXBuildFile; fileRef = AD9533D029196539002126C0 /* NicknameView.swift */; };
		AD9533D5291965BA002126C0 /* BirthViewController.swift in Sources */ = {isa = PBXBuildFile; fileRef = AD9533D4291965BA002126C0 /* BirthViewController.swift */; };
		AD9533D7291965C3002126C0 /* BirthView.swift in Sources */ = {isa = PBXBuildFile; fileRef = AD9533D6291965C3002126C0 /* BirthView.swift */; };
		AD9533D92919660D002126C0 /* EmailViewController.swift in Sources */ = {isa = PBXBuildFile; fileRef = AD9533D82919660D002126C0 /* EmailViewController.swift */; };
		AD9533DB29196616002126C0 /* EmailView.swift in Sources */ = {isa = PBXBuildFile; fileRef = AD9533DA29196616002126C0 /* EmailView.swift */; };
		ADF9B34F2918CCE400D1F758 /* AppDelegate.swift in Sources */ = {isa = PBXBuildFile; fileRef = ADF9B34E2918CCE400D1F758 /* AppDelegate.swift */; };
		ADF9B3512918CCE400D1F758 /* SceneDelegate.swift in Sources */ = {isa = PBXBuildFile; fileRef = ADF9B3502918CCE400D1F758 /* SceneDelegate.swift */; };
		ADF9B3532918CCE400D1F758 /* SplashViewController.swift in Sources */ = {isa = PBXBuildFile; fileRef = ADF9B3522918CCE400D1F758 /* SplashViewController.swift */; };
		ADF9B3582918CCE500D1F758 /* Assets.xcassets in Resources */ = {isa = PBXBuildFile; fileRef = ADF9B3572918CCE500D1F758 /* Assets.xcassets */; };
		ADF9B35B2918CCE500D1F758 /* LaunchScreen.storyboard in Resources */ = {isa = PBXBuildFile; fileRef = ADF9B3592918CCE500D1F758 /* LaunchScreen.storyboard */; };
		ADF9B3692918D49B00D1F758 /* SSColors.swift in Sources */ = {isa = PBXBuildFile; fileRef = ADF9B3682918D49B00D1F758 /* SSColors.swift */; };
		ADF9B36B2918DBFF00D1F758 /* SSFonts.swift in Sources */ = {isa = PBXBuildFile; fileRef = ADF9B36A2918DBFF00D1F758 /* SSFonts.swift */; };
		ADF9B36E2918FCF800D1F758 /* SSIcons.swift in Sources */ = {isa = PBXBuildFile; fileRef = ADF9B36D2918FCF800D1F758 /* SSIcons.swift */; };
/* End PBXBuildFile section */

/* Begin PBXFileReference section */
		AD9533B729195D4E002126C0 /* SSImages.swift */ = {isa = PBXFileReference; lastKnownFileType = sourcecode.swift; path = SSImages.swift; sourceTree = "<group>"; };
		AD9533BA29196019002126C0 /* OnboardingViewController.swift */ = {isa = PBXFileReference; lastKnownFileType = sourcecode.swift; path = OnboardingViewController.swift; sourceTree = "<group>"; };
		AD9533BD2919606D002126C0 /* BaseViewController.swift */ = {isa = PBXFileReference; lastKnownFileType = sourcecode.swift; path = BaseViewController.swift; sourceTree = "<group>"; };
		AD9533BF291960BA002126C0 /* BaseView.swift */ = {isa = PBXFileReference; lastKnownFileType = sourcecode.swift; path = BaseView.swift; sourceTree = "<group>"; };
		AD9533C1291961E1002126C0 /* SplashView.swift */ = {isa = PBXFileReference; lastKnownFileType = sourcecode.swift; path = SplashView.swift; sourceTree = "<group>"; };
		AD9533C32919629A002126C0 /* OnboardingView.swift */ = {isa = PBXFileReference; lastKnownFileType = sourcecode.swift; path = OnboardingView.swift; sourceTree = "<group>"; };
		AD9533C629196460002126C0 /* LoginViewController.swift */ = {isa = PBXFileReference; lastKnownFileType = sourcecode.swift; path = LoginViewController.swift; sourceTree = "<group>"; };
		AD9533C82919646C002126C0 /* LoginView.swift */ = {isa = PBXFileReference; lastKnownFileType = sourcecode.swift; path = LoginView.swift; sourceTree = "<group>"; };
		AD9533CE2919652F002126C0 /* NicknameViewController.swift */ = {isa = PBXFileReference; lastKnownFileType = sourcecode.swift; path = NicknameViewController.swift; sourceTree = "<group>"; };
		AD9533D029196539002126C0 /* NicknameView.swift */ = {isa = PBXFileReference; lastKnownFileType = sourcecode.swift; path = NicknameView.swift; sourceTree = "<group>"; };
		AD9533D4291965BA002126C0 /* BirthViewController.swift */ = {isa = PBXFileReference; lastKnownFileType = sourcecode.swift; path = BirthViewController.swift; sourceTree = "<group>"; };
		AD9533D6291965C3002126C0 /* BirthView.swift */ = {isa = PBXFileReference; lastKnownFileType = sourcecode.swift; path = BirthView.swift; sourceTree = "<group>"; };
		AD9533D82919660D002126C0 /* EmailViewController.swift */ = {isa = PBXFileReference; lastKnownFileType = sourcecode.swift; path = EmailViewController.swift; sourceTree = "<group>"; };
		AD9533DA29196616002126C0 /* EmailView.swift */ = {isa = PBXFileReference; lastKnownFileType = sourcecode.swift; path = EmailView.swift; sourceTree = "<group>"; };
		ADF9B34B2918CCE400D1F758 /* RecruitsStudyMembers.app */ = {isa = PBXFileReference; explicitFileType = wrapper.application; includeInIndex = 0; path = RecruitsStudyMembers.app; sourceTree = BUILT_PRODUCTS_DIR; };
		ADF9B34E2918CCE400D1F758 /* AppDelegate.swift */ = {isa = PBXFileReference; lastKnownFileType = sourcecode.swift; path = AppDelegate.swift; sourceTree = "<group>"; };
		ADF9B3502918CCE400D1F758 /* SceneDelegate.swift */ = {isa = PBXFileReference; lastKnownFileType = sourcecode.swift; path = SceneDelegate.swift; sourceTree = "<group>"; };
		ADF9B3522918CCE400D1F758 /* SplashViewController.swift */ = {isa = PBXFileReference; lastKnownFileType = sourcecode.swift; path = SplashViewController.swift; sourceTree = "<group>"; };
		ADF9B3572918CCE500D1F758 /* Assets.xcassets */ = {isa = PBXFileReference; lastKnownFileType = folder.assetcatalog; path = Assets.xcassets; sourceTree = "<group>"; };
		ADF9B35A2918CCE500D1F758 /* Base */ = {isa = PBXFileReference; lastKnownFileType = file.storyboard; name = Base; path = Base.lproj/LaunchScreen.storyboard; sourceTree = "<group>"; };
		ADF9B35C2918CCE500D1F758 /* Info.plist */ = {isa = PBXFileReference; lastKnownFileType = text.plist.xml; path = Info.plist; sourceTree = "<group>"; };
		ADF9B3682918D49B00D1F758 /* SSColors.swift */ = {isa = PBXFileReference; lastKnownFileType = sourcecode.swift; path = SSColors.swift; sourceTree = "<group>"; };
		ADF9B36A2918DBFF00D1F758 /* SSFonts.swift */ = {isa = PBXFileReference; lastKnownFileType = sourcecode.swift; path = SSFonts.swift; sourceTree = "<group>"; };
		ADF9B36D2918FCF800D1F758 /* SSIcons.swift */ = {isa = PBXFileReference; lastKnownFileType = sourcecode.swift; path = SSIcons.swift; sourceTree = "<group>"; };
/* End PBXFileReference section */

/* Begin PBXFrameworksBuildPhase section */
		ADF9B3482918CCE400D1F758 /* Frameworks */ = {
			isa = PBXFrameworksBuildPhase;
			buildActionMask = 2147483647;
			files = (
			);
			runOnlyForDeploymentPostprocessing = 0;
		};
/* End PBXFrameworksBuildPhase section */

/* Begin PBXGroup section */
		AD9533B529195C41002126C0 /* Splash */ = {
			isa = PBXGroup;
			children = (
				ADF9B3522918CCE400D1F758 /* SplashViewController.swift */,
				AD9533C1291961E1002126C0 /* SplashView.swift */,
			);
			path = Splash;
			sourceTree = "<group>";
		};
		AD9533B629195D42002126C0 /* Images */ = {
			isa = PBXGroup;
			children = (
				AD9533B729195D4E002126C0 /* SSImages.swift */,
			);
			path = Images;
			sourceTree = "<group>";
		};
		AD9533B929195FE3002126C0 /* Onboarding */ = {
			isa = PBXGroup;
			children = (
				AD9533BA29196019002126C0 /* OnboardingViewController.swift */,
				AD9533C32919629A002126C0 /* OnboardingView.swift */,
			);
			path = Onboarding;
			sourceTree = "<group>";
		};
		AD9533BC2919605B002126C0 /* BaseComponents */ = {
			isa = PBXGroup;
			children = (
				AD9533BD2919606D002126C0 /* BaseViewController.swift */,
				AD9533BF291960BA002126C0 /* BaseView.swift */,
			);
			path = BaseComponents;
			sourceTree = "<group>";
		};
		AD9533C52919642E002126C0 /* Login */ = {
			isa = PBXGroup;
			children = (
				AD9533C629196460002126C0 /* LoginViewController.swift */,
				AD9533C82919646C002126C0 /* LoginView.swift */,
			);
			path = Login;
			sourceTree = "<group>";
		};
		AD9533CA291964D7002126C0 /* Nickname */ = {
			isa = PBXGroup;
			children = (
				AD9533CE2919652F002126C0 /* NicknameViewController.swift */,
				AD9533D029196539002126C0 /* NicknameView.swift */,
			);
			path = Nickname;
			sourceTree = "<group>";
		};
		AD9533CB291964EB002126C0 /* Birth */ = {
			isa = PBXGroup;
			children = (
				AD9533D4291965BA002126C0 /* BirthViewController.swift */,
				AD9533D6291965C3002126C0 /* BirthView.swift */,
			);
			path = Birth;
			sourceTree = "<group>";
		};
		AD9533CC29196508002126C0 /* Email */ = {
			isa = PBXGroup;
			children = (
				AD9533D82919660D002126C0 /* EmailViewController.swift */,
				AD9533DA29196616002126C0 /* EmailView.swift */,
			);
			path = Email;
			sourceTree = "<group>";
		};
		AD9533CD2919650C002126C0 /* Gender */ = {
			isa = PBXGroup;
			children = (
			);
			path = Gender;
			sourceTree = "<group>";
		};
		ADF9B3422918CCE400D1F758 = {
			isa = PBXGroup;
			children = (
				ADF9B34D2918CCE400D1F758 /* RecruitsStudyMembers */,
				ADF9B34C2918CCE400D1F758 /* Products */,
			);
			sourceTree = "<group>";
		};
		ADF9B34C2918CCE400D1F758 /* Products */ = {
			isa = PBXGroup;
			children = (
				ADF9B34B2918CCE400D1F758 /* RecruitsStudyMembers.app */,
			);
			name = Products;
			sourceTree = "<group>";
		};
		ADF9B34D2918CCE400D1F758 /* RecruitsStudyMembers */ = {
			isa = PBXGroup;
			children = (
				ADF9B34E2918CCE400D1F758 /* AppDelegate.swift */,
				ADF9B3502918CCE400D1F758 /* SceneDelegate.swift */,
				ADF9B3622918CD8B00D1F758 /* Resources */,
				ADF9B3662918D0C100D1F758 /* Utilities */,
				ADF9B3632918CE0200D1F758 /* Scene */,
				ADF9B3572918CCE500D1F758 /* Assets.xcassets */,
				ADF9B3592918CCE500D1F758 /* LaunchScreen.storyboard */,
				ADF9B35C2918CCE500D1F758 /* Info.plist */,
			);
			path = RecruitsStudyMembers;
			sourceTree = "<group>";
		};
		ADF9B3622918CD8B00D1F758 /* Resources */ = {
			isa = PBXGroup;
			children = (
				AD9533B629195D42002126C0 /* Images */,
				ADF9B36C2918FCE400D1F758 /* Icons */,
				ADF9B3672918D48F00D1F758 /* Colors */,
			);
			path = Resources;
			sourceTree = "<group>";
		};
		ADF9B3632918CE0200D1F758 /* Scene */ = {
			isa = PBXGroup;
			children = (
				AD9533B529195C41002126C0 /* Splash */,
				AD9533B929195FE3002126C0 /* Onboarding */,
				AD9533C52919642E002126C0 /* Login */,
				AD9533CA291964D7002126C0 /* Nickname */,
				AD9533CB291964EB002126C0 /* Birth */,
				AD9533CC29196508002126C0 /* Email */,
				AD9533CD2919650C002126C0 /* Gender */,
			);
			path = Scene;
			sourceTree = "<group>";
		};
		ADF9B3662918D0C100D1F758 /* Utilities */ = {
			isa = PBXGroup;
			children = (
				AD9533BC2919605B002126C0 /* BaseComponents */,
			);
			path = Utilities;
			sourceTree = "<group>";
		};
		ADF9B3672918D48F00D1F758 /* Colors */ = {
			isa = PBXGroup;
			children = (
				ADF9B3682918D49B00D1F758 /* SSColors.swift */,
				ADF9B36A2918DBFF00D1F758 /* SSFonts.swift */,
			);
			path = Colors;
			sourceTree = "<group>";
		};
		ADF9B36C2918FCE400D1F758 /* Icons */ = {
			isa = PBXGroup;
			children = (
				ADF9B36D2918FCF800D1F758 /* SSIcons.swift */,
			);
			path = Icons;
			sourceTree = "<group>";
		};
/* End PBXGroup section */

/* Begin PBXNativeTarget section */
		ADF9B34A2918CCE400D1F758 /* RecruitsStudyMembers */ = {
			isa = PBXNativeTarget;
			buildConfigurationList = ADF9B35F2918CCE500D1F758 /* Build configuration list for PBXNativeTarget "RecruitsStudyMembers" */;
			buildPhases = (
				ADF9B3472918CCE400D1F758 /* Sources */,
				ADF9B3482918CCE400D1F758 /* Frameworks */,
				ADF9B3492918CCE400D1F758 /* Resources */,
			);
			buildRules = (
			);
			dependencies = (
			);
			name = RecruitsStudyMembers;
			productName = RecruitsStudyMembers;
			productReference = ADF9B34B2918CCE400D1F758 /* RecruitsStudyMembers.app */;
			productType = "com.apple.product-type.application";
		};
/* End PBXNativeTarget section */

/* Begin PBXProject section */
		ADF9B3432918CCE400D1F758 /* Project object */ = {
			isa = PBXProject;
			attributes = {
				BuildIndependentTargetsInParallel = 1;
				LastSwiftUpdateCheck = 1410;
				LastUpgradeCheck = 1410;
				TargetAttributes = {
					ADF9B34A2918CCE400D1F758 = {
						CreatedOnToolsVersion = 14.1;
					};
				};
			};
			buildConfigurationList = ADF9B3462918CCE400D1F758 /* Build configuration list for PBXProject "RecruitsStudyMembers" */;
			compatibilityVersion = "Xcode 14.0";
			developmentRegion = en;
			hasScannedForEncodings = 0;
			knownRegions = (
				en,
				Base,
			);
			mainGroup = ADF9B3422918CCE400D1F758;
			productRefGroup = ADF9B34C2918CCE400D1F758 /* Products */;
			projectDirPath = "";
			projectRoot = "";
			targets = (
				ADF9B34A2918CCE400D1F758 /* RecruitsStudyMembers */,
			);
		};
/* End PBXProject section */

/* Begin PBXResourcesBuildPhase section */
		ADF9B3492918CCE400D1F758 /* Resources */ = {
			isa = PBXResourcesBuildPhase;
			buildActionMask = 2147483647;
			files = (
				ADF9B35B2918CCE500D1F758 /* LaunchScreen.storyboard in Resources */,
				ADF9B3582918CCE500D1F758 /* Assets.xcassets in Resources */,
			);
			runOnlyForDeploymentPostprocessing = 0;
		};
/* End PBXResourcesBuildPhase section */

/* Begin PBXSourcesBuildPhase section */
		ADF9B3472918CCE400D1F758 /* Sources */ = {
			isa = PBXSourcesBuildPhase;
			buildActionMask = 2147483647;
			files = (
				ADF9B36E2918FCF800D1F758 /* SSIcons.swift in Sources */,
				AD9533D5291965BA002126C0 /* BirthViewController.swift in Sources */,
				AD9533CF2919652F002126C0 /* NicknameViewController.swift in Sources */,
				AD9533C2291961E1002126C0 /* SplashView.swift in Sources */,
				ADF9B3532918CCE400D1F758 /* SplashViewController.swift in Sources */,
				ADF9B3692918D49B00D1F758 /* SSColors.swift in Sources */,
				AD9533BB29196019002126C0 /* OnboardingViewController.swift in Sources */,
				AD9533B829195D4E002126C0 /* SSImages.swift in Sources */,
				AD9533D7291965C3002126C0 /* BirthView.swift in Sources */,
				AD9533DB29196616002126C0 /* EmailView.swift in Sources */,
				AD9533BE2919606D002126C0 /* BaseViewController.swift in Sources */,
				ADF9B36B2918DBFF00D1F758 /* SSFonts.swift in Sources */,
				AD9533C92919646C002126C0 /* LoginView.swift in Sources */,
				AD9533C0291960BA002126C0 /* BaseView.swift in Sources */,
				AD9533D92919660D002126C0 /* EmailViewController.swift in Sources */,
				AD9533C42919629A002126C0 /* OnboardingView.swift in Sources */,
				ADF9B34F2918CCE400D1F758 /* AppDelegate.swift in Sources */,
				AD9533C729196460002126C0 /* LoginViewController.swift in Sources */,
				AD9533D129196539002126C0 /* NicknameView.swift in Sources */,
				ADF9B3512918CCE400D1F758 /* SceneDelegate.swift in Sources */,
			);
			runOnlyForDeploymentPostprocessing = 0;
		};
/* End PBXSourcesBuildPhase section */

/* Begin PBXVariantGroup section */
		ADF9B3592918CCE500D1F758 /* LaunchScreen.storyboard */ = {
			isa = PBXVariantGroup;
			children = (
				ADF9B35A2918CCE500D1F758 /* Base */,
			);
			name = LaunchScreen.storyboard;
			sourceTree = "<group>";
		};
/* End PBXVariantGroup section */

/* Begin XCBuildConfiguration section */
		ADF9B35D2918CCE500D1F758 /* Debug */ = {
			isa = XCBuildConfiguration;
			buildSettings = {
				ALWAYS_SEARCH_USER_PATHS = NO;
				CLANG_ANALYZER_NONNULL = YES;
				CLANG_ANALYZER_NUMBER_OBJECT_CONVERSION = YES_AGGRESSIVE;
				CLANG_CXX_LANGUAGE_STANDARD = "gnu++20";
				CLANG_ENABLE_MODULES = YES;
				CLANG_ENABLE_OBJC_ARC = YES;
				CLANG_ENABLE_OBJC_WEAK = YES;
				CLANG_WARN_BLOCK_CAPTURE_AUTORELEASING = YES;
				CLANG_WARN_BOOL_CONVERSION = YES;
				CLANG_WARN_COMMA = YES;
				CLANG_WARN_CONSTANT_CONVERSION = YES;
				CLANG_WARN_DEPRECATED_OBJC_IMPLEMENTATIONS = YES;
				CLANG_WARN_DIRECT_OBJC_ISA_USAGE = YES_ERROR;
				CLANG_WARN_DOCUMENTATION_COMMENTS = YES;
				CLANG_WARN_EMPTY_BODY = YES;
				CLANG_WARN_ENUM_CONVERSION = YES;
				CLANG_WARN_INFINITE_RECURSION = YES;
				CLANG_WARN_INT_CONVERSION = YES;
				CLANG_WARN_NON_LITERAL_NULL_CONVERSION = YES;
				CLANG_WARN_OBJC_IMPLICIT_RETAIN_SELF = YES;
				CLANG_WARN_OBJC_LITERAL_CONVERSION = YES;
				CLANG_WARN_OBJC_ROOT_CLASS = YES_ERROR;
				CLANG_WARN_QUOTED_INCLUDE_IN_FRAMEWORK_HEADER = YES;
				CLANG_WARN_RANGE_LOOP_ANALYSIS = YES;
				CLANG_WARN_STRICT_PROTOTYPES = YES;
				CLANG_WARN_SUSPICIOUS_MOVE = YES;
				CLANG_WARN_UNGUARDED_AVAILABILITY = YES_AGGRESSIVE;
				CLANG_WARN_UNREACHABLE_CODE = YES;
				CLANG_WARN__DUPLICATE_METHOD_MATCH = YES;
				COPY_PHASE_STRIP = NO;
				DEBUG_INFORMATION_FORMAT = dwarf;
				ENABLE_STRICT_OBJC_MSGSEND = YES;
				ENABLE_TESTABILITY = YES;
				GCC_C_LANGUAGE_STANDARD = gnu11;
				GCC_DYNAMIC_NO_PIC = NO;
				GCC_NO_COMMON_BLOCKS = YES;
				GCC_OPTIMIZATION_LEVEL = 0;
				GCC_PREPROCESSOR_DEFINITIONS = (
					"DEBUG=1",
					"$(inherited)",
				);
				GCC_WARN_64_TO_32_BIT_CONVERSION = YES;
				GCC_WARN_ABOUT_RETURN_TYPE = YES_ERROR;
				GCC_WARN_UNDECLARED_SELECTOR = YES;
				GCC_WARN_UNINITIALIZED_AUTOS = YES_AGGRESSIVE;
				GCC_WARN_UNUSED_FUNCTION = YES;
				GCC_WARN_UNUSED_VARIABLE = YES;
				IPHONEOS_DEPLOYMENT_TARGET = 15.0;
				MTL_ENABLE_DEBUG_INFO = INCLUDE_SOURCE;
				MTL_FAST_MATH = YES;
				ONLY_ACTIVE_ARCH = YES;
				SDKROOT = iphoneos;
				SWIFT_ACTIVE_COMPILATION_CONDITIONS = DEBUG;
				SWIFT_OPTIMIZATION_LEVEL = "-Onone";
			};
			name = Debug;
		};
		ADF9B35E2918CCE500D1F758 /* Release */ = {
			isa = XCBuildConfiguration;
			buildSettings = {
				ALWAYS_SEARCH_USER_PATHS = NO;
				CLANG_ANALYZER_NONNULL = YES;
				CLANG_ANALYZER_NUMBER_OBJECT_CONVERSION = YES_AGGRESSIVE;
				CLANG_CXX_LANGUAGE_STANDARD = "gnu++20";
				CLANG_ENABLE_MODULES = YES;
				CLANG_ENABLE_OBJC_ARC = YES;
				CLANG_ENABLE_OBJC_WEAK = YES;
				CLANG_WARN_BLOCK_CAPTURE_AUTORELEASING = YES;
				CLANG_WARN_BOOL_CONVERSION = YES;
				CLANG_WARN_COMMA = YES;
				CLANG_WARN_CONSTANT_CONVERSION = YES;
				CLANG_WARN_DEPRECATED_OBJC_IMPLEMENTATIONS = YES;
				CLANG_WARN_DIRECT_OBJC_ISA_USAGE = YES_ERROR;
				CLANG_WARN_DOCUMENTATION_COMMENTS = YES;
				CLANG_WARN_EMPTY_BODY = YES;
				CLANG_WARN_ENUM_CONVERSION = YES;
				CLANG_WARN_INFINITE_RECURSION = YES;
				CLANG_WARN_INT_CONVERSION = YES;
				CLANG_WARN_NON_LITERAL_NULL_CONVERSION = YES;
				CLANG_WARN_OBJC_IMPLICIT_RETAIN_SELF = YES;
				CLANG_WARN_OBJC_LITERAL_CONVERSION = YES;
				CLANG_WARN_OBJC_ROOT_CLASS = YES_ERROR;
				CLANG_WARN_QUOTED_INCLUDE_IN_FRAMEWORK_HEADER = YES;
				CLANG_WARN_RANGE_LOOP_ANALYSIS = YES;
				CLANG_WARN_STRICT_PROTOTYPES = YES;
				CLANG_WARN_SUSPICIOUS_MOVE = YES;
				CLANG_WARN_UNGUARDED_AVAILABILITY = YES_AGGRESSIVE;
				CLANG_WARN_UNREACHABLE_CODE = YES;
				CLANG_WARN__DUPLICATE_METHOD_MATCH = YES;
				COPY_PHASE_STRIP = NO;
				DEBUG_INFORMATION_FORMAT = "dwarf-with-dsym";
				ENABLE_NS_ASSERTIONS = NO;
				ENABLE_STRICT_OBJC_MSGSEND = YES;
				GCC_C_LANGUAGE_STANDARD = gnu11;
				GCC_NO_COMMON_BLOCKS = YES;
				GCC_WARN_64_TO_32_BIT_CONVERSION = YES;
				GCC_WARN_ABOUT_RETURN_TYPE = YES_ERROR;
				GCC_WARN_UNDECLARED_SELECTOR = YES;
				GCC_WARN_UNINITIALIZED_AUTOS = YES_AGGRESSIVE;
				GCC_WARN_UNUSED_FUNCTION = YES;
				GCC_WARN_UNUSED_VARIABLE = YES;
				IPHONEOS_DEPLOYMENT_TARGET = 15.0;
				MTL_ENABLE_DEBUG_INFO = NO;
				MTL_FAST_MATH = YES;
				SDKROOT = iphoneos;
				SWIFT_COMPILATION_MODE = wholemodule;
				SWIFT_OPTIMIZATION_LEVEL = "-O";
				VALIDATE_PRODUCT = YES;
			};
			name = Release;
		};
		ADF9B3602918CCE500D1F758 /* Debug */ = {
			isa = XCBuildConfiguration;
			buildSettings = {
				ASSETCATALOG_COMPILER_APPICON_NAME = AppIcon;
				ASSETCATALOG_COMPILER_GLOBAL_ACCENT_COLOR_NAME = AccentColor;
				CODE_SIGN_STYLE = Automatic;
				CURRENT_PROJECT_VERSION = 1;
				DEVELOPMENT_TEAM = DLA597KS3F;
				GENERATE_INFOPLIST_FILE = YES;
				INFOPLIST_FILE = RecruitsStudyMembers/Info.plist;
				INFOPLIST_KEY_UIApplicationSupportsIndirectInputEvents = YES;
				INFOPLIST_KEY_UILaunchStoryboardName = LaunchScreen;
				INFOPLIST_KEY_UIMainStoryboardFile = "";
				INFOPLIST_KEY_UISupportedInterfaceOrientations = UIInterfaceOrientationPortrait;
				INFOPLIST_KEY_UISupportedInterfaceOrientations_iPad = "UIInterfaceOrientationLandscapeLeft UIInterfaceOrientationLandscapeRight UIInterfaceOrientationPortrait UIInterfaceOrientationPortraitUpsideDown";
				IPHONEOS_DEPLOYMENT_TARGET = 15.0;
				LD_RUNPATH_SEARCH_PATHS = (
					"$(inherited)",
					"@executable_path/Frameworks",
				);
				MARKETING_VERSION = 1.0;
				PRODUCT_BUNDLE_IDENTIFIER = com.jhee.RecruitsStudyMembers;
				PRODUCT_NAME = "$(TARGET_NAME)";
				SUPPORTED_PLATFORMS = "iphoneos iphonesimulator";
				SUPPORTS_MACCATALYST = NO;
				SUPPORTS_MAC_DESIGNED_FOR_IPHONE_IPAD = NO;
				SWIFT_EMIT_LOC_STRINGS = YES;
				SWIFT_VERSION = 5.0;
				TARGETED_DEVICE_FAMILY = 1;
			};
			name = Debug;
		};
		ADF9B3612918CCE500D1F758 /* Release */ = {
			isa = XCBuildConfiguration;
			buildSettings = {
				ASSETCATALOG_COMPILER_APPICON_NAME = AppIcon;
				ASSETCATALOG_COMPILER_GLOBAL_ACCENT_COLOR_NAME = AccentColor;
				CODE_SIGN_STYLE = Automatic;
				CURRENT_PROJECT_VERSION = 1;
				DEVELOPMENT_TEAM = DLA597KS3F;
				GENERATE_INFOPLIST_FILE = YES;
				INFOPLIST_FILE = RecruitsStudyMembers/Info.plist;
				INFOPLIST_KEY_UIApplicationSupportsIndirectInputEvents = YES;
				INFOPLIST_KEY_UILaunchStoryboardName = LaunchScreen;
				INFOPLIST_KEY_UIMainStoryboardFile = "";
				INFOPLIST_KEY_UISupportedInterfaceOrientations = UIInterfaceOrientationPortrait;
				INFOPLIST_KEY_UISupportedInterfaceOrientations_iPad = "UIInterfaceOrientationLandscapeLeft UIInterfaceOrientationLandscapeRight UIInterfaceOrientationPortrait UIInterfaceOrientationPortraitUpsideDown";
				IPHONEOS_DEPLOYMENT_TARGET = 15.0;
				LD_RUNPATH_SEARCH_PATHS = (
					"$(inherited)",
					"@executable_path/Frameworks",
				);
				MARKETING_VERSION = 1.0;
				PRODUCT_BUNDLE_IDENTIFIER = com.jhee.RecruitsStudyMembers;
				PRODUCT_NAME = "$(TARGET_NAME)";
				SUPPORTED_PLATFORMS = "iphoneos iphonesimulator";
				SUPPORTS_MACCATALYST = NO;
				SUPPORTS_MAC_DESIGNED_FOR_IPHONE_IPAD = NO;
				SWIFT_EMIT_LOC_STRINGS = YES;
				SWIFT_VERSION = 5.0;
				TARGETED_DEVICE_FAMILY = 1;
			};
			name = Release;
		};
/* End XCBuildConfiguration section */

/* Begin XCConfigurationList section */
		ADF9B3462918CCE400D1F758 /* Build configuration list for PBXProject "RecruitsStudyMembers" */ = {
			isa = XCConfigurationList;
			buildConfigurations = (
				ADF9B35D2918CCE500D1F758 /* Debug */,
				ADF9B35E2918CCE500D1F758 /* Release */,
			);
			defaultConfigurationIsVisible = 0;
			defaultConfigurationName = Release;
		};
		ADF9B35F2918CCE500D1F758 /* Build configuration list for PBXNativeTarget "RecruitsStudyMembers" */ = {
			isa = XCConfigurationList;
			buildConfigurations = (
				ADF9B3602918CCE500D1F758 /* Debug */,
				ADF9B3612918CCE500D1F758 /* Release */,
			);
			defaultConfigurationIsVisible = 0;
			defaultConfigurationName = Release;
		};
/* End XCConfigurationList section */
	};
	rootObject = ADF9B3432918CCE400D1F758 /* Project object */;
}
